{
  "version": 4,
  "terraform_version": "1.14.8",
  "serial": 20,
  "lineage": "57c57e92-c3f3-64f2-0051-ddf9be0a4d5d",
  "outputs": {},
  "resources": [
    {
      "module": "module.resource_group",
      "mode": "managed",
      "type": "azurerm_resource_group",
      "name": "rg-group",
      "provider": "provider[\"registry.terraform.io/hashicorp/azurerm\"]",
      "instances": [
        {
          "index_key": "rg1",
          "schema_version": 0,
          "attributes": {
            "id": "/subscriptions/e9a37cb1-eace-4a75-b50e-a42ba1ef3d3e/resourceGroups/rg-practice",
            "location": "centralindia",
            "managed_by": "",
            "name": "rg-practice",
            "tags": null,
            "timeouts": null
          },
          "sensitive_attributes": [],
          "identity_schema_version": 0,
          "identity": {
            "name": "rg-practice",
            "subscription_id": "e9a37cb1-eace-4a75-b50e-a42ba1ef3d3e"
          },
          "private": "eyJlMmJmYjczMC1lY2FhLTExZTYtOGY4OC0zNDM2M2JjN2M0YzAiOnsiY3JlYXRlIjo1NDAwMDAwMDAwMDAwLCJkZWxldGUiOjU0MDAwMDAwMDAwMDAsInJlYWQiOjMwMDAwMDAwMDAwMCwidXBkYXRlIjo1NDAwMDAwMDAwMDAwfX0="
        }
      ]
    },
    {
      "module": "module.subnet",
      "mode": "managed",
      "type": "azurerm_subnet",
      "name": "subnet",
      "provider": "provider[\"registry.terraform.io/hashicorp/azurerm\"]",
      "instances": [
        {
          "index_key": "subnet1",
          "schema_version": 0,
          "attributes": {
            "address_prefixes": [
              "10.0.1.0/24"
            ],
            "default_outbound_access_enabled": true,
            "delegation": [],
            "id": "/subscriptions/e9a37cb1-eace-4a75-b50e-a42ba1ef3d3e/resourceGroups/rg-practice/providers/Microsoft.Network/virtualNetworks/vnet-practice/subnets/subnet_practice",
            "ip_address_pool": [],
            "name": "subnet_practice",
            "private_endpoint_network_policies": "Disabled",
            "private_link_service_network_policies_enabled": true,
            "resource_group_name": "rg-practice",
            "service_endpoint_policy_ids": [],
            "service_endpoints": [],
            "sharing_scope": "",
            "timeouts": null,
            "virtual_network_name": "vnet-practice"
          },
          "sensitive_attributes": [],
          "identity_schema_version": 0,
          "identity": {
            "name": "subnet_practice",
            "resource_group_name": "rg-practice",
            "subscription_id": "e9a37cb1-eace-4a75-b50e-a42ba1ef3d3e",
            "virtual_network_name": "vnet-practice"
          },
          "private": "eyJlMmJmYjczMC1lY2FhLTExZTYtOGY4OC0zNDM2M2JjN2M0YzAiOnsiY3JlYXRlIjoxODAwMDAwMDAwMDAwLCJkZWxldGUiOjE4MDAwMDAwMDAwMDAsInJlYWQiOjMwMDAwMDAwMDAwMCwidXBkYXRlIjoxODAwMDAwMDAwMDAwfX0=",
          "dependencies": [
            "module.resource_group.azurerm_resource_group.rg-group",
            "module.virtual_network.azurerm_virtual_network.example"
          ]
        }
      ]
    },
    {
      "module": "module.virtual_network",
      "mode": "managed",
      "type": "azurerm_virtual_network",
      "name": "example",
      "provider": "provider[\"registry.terraform.io/hashicorp/azurerm\"]",
      "instances": [
        {
          "index_key": "vnet1",
          "status": "tainted",
          "schema_version": 0,
          "attributes": {
            "address_space": [
              "10.0.0.0/16"
            ],
            "bgp_community": null,
            "ddos_protection_plan": [],
            "dns_servers": null,
            "edge_zone": null,
            "encryption": [],
            "flow_timeout_in_minutes": null,
            "guid": null,
            "id": "/subscriptions/e9a37cb1-eace-4a75-b50e-a42ba1ef3d3e/resourceGroups/rg-practice/providers/Microsoft.Network/virtualNetworks/vnet-practice",
            "ip_address_pool": [],
            "location": "centralindia",
            "name": "vnet-practice",
            "private_endpoint_vnet_policies": "Disabled",
            "resource_group_name": "rg-practice",
            "subnet": [],
            "tags": null,
            "timeouts": null
          },
          "sensitive_attributes": [],
          "identity_schema_version": 0,
          "identity": {
            "name": "vnet-practice",
            "resource_group_name": "rg-practice",
            "subscription_id": "e9a37cb1-eace-4a75-b50e-a42ba1ef3d3e"
          },
          "private": "eyJlMmJmYjczMC1lY2FhLTExZTYtOGY4OC0zNDM2M2JjN2M0YzAiOnsiY3JlYXRlIjoxODAwMDAwMDAwMDAwLCJkZWxldGUiOjE4MDAwMDAwMDAwMDAsInJlYWQiOjMwMDAwMDAwMDAwMCwidXBkYXRlIjoxODAwMDAwMDAwMDAwfX0=",
          "dependencies": [
            "module.resource_group.azurerm_resource_group.rg-group"
          ]
        }
      ]
    }
  ],
  "check_results": null
}
