{
  "version": 4,
  "terraform_version": "1.14.8",
  "serial": 30,
  "lineage": "57c57e92-c3f3-64f2-0051-ddf9be0a4d5d",
  "outputs": {},
  "resources": [
    {
      "module": "module.nic",
      "mode": "data",
      "type": "azurerm_public_ip",
      "name": "pubip",
      "provider": "provider[\"registry.terraform.io/hashicorp/azurerm\"]",
      "instances": [
        {
          "index_key": "nic1",
          "schema_version": 0,
          "attributes": {
            "allocation_method": "Static",
            "ddos_protection_mode": "VirtualNetworkInherited",
            "ddos_protection_plan_id": null,
            "domain_name_label": "",
            "fqdn": "",
            "id": "/subscriptions/e9a37cb1-eace-4a75-b50e-a42ba1ef3d3e/resourceGroups/rg-practice/providers/Microsoft.Network/publicIPAddresses/frontend",
            "idle_timeout_in_minutes": 4,
            "ip_address": "172.176.152.184",
            "ip_tags": {},
            "ip_version": "IPv4",
            "location": "eastus2",
            "name": "frontend",
            "resource_group_name": "rg-practice",
            "reverse_fqdn": "",
            "sku": "Standard",
            "tags": {},
            "timeouts": null,
            "zones": []
          },
          "sensitive_attributes": [],
          "identity_schema_version": 0
        }
      ]
    },
    {
      "module": "module.nic",
      "mode": "data",
      "type": "azurerm_subnet",
      "name": "subnetdata",
      "provider": "provider[\"registry.terraform.io/hashicorp/azurerm\"]",
      "instances": [
        {
          "index_key": "nic1",
          "schema_version": 0,
          "attributes": {
            "address_prefix": "10.0.1.0/24",
            "address_prefixes": [
              "10.0.1.0/24"
            ],
            "default_outbound_access_enabled": true,
            "id": "/subscriptions/e9a37cb1-eace-4a75-b50e-a42ba1ef3d3e/resourceGroups/rg-practice/providers/Microsoft.Network/virtualNetworks/vnet-practice/subnets/subnet_practice",
            "name": "subnet_practice",
            "network_security_group_id": "",
            "private_endpoint_network_policies": "Disabled",
            "private_link_service_network_policies_enabled": true,
            "resource_group_name": "rg-practice",
            "route_table_id": "",
            "service_endpoints": [],
            "timeouts": null,
            "virtual_network_name": "vnet-practice"
          },
          "sensitive_attributes": [],
          "identity_schema_version": 0
        }
      ]
    },
    {
      "module": "module.nic",
      "mode": "managed",
      "type": "azurerm_network_interface",
      "name": "network_interface",
      "provider": "provider[\"registry.terraform.io/hashicorp/azurerm\"]",
      "instances": [
        {
          "index_key": "nic1",
          "schema_version": 0,
          "attributes": {
            "accelerated_networking_enabled": false,
            "applied_dns_servers": [],
            "auxiliary_mode": "",
            "auxiliary_sku": "",
            "dns_servers": null,
            "edge_zone": "",
            "id": "/subscriptions/e9a37cb1-eace-4a75-b50e-a42ba1ef3d3e/resourceGroups/rg-practice/providers/Microsoft.Network/networkInterfaces/niccard",
            "internal_dns_name_label": "",
            "internal_domain_name_suffix": "iun4xcab1squpbln3phsmfawzh.cx.internal.cloudapp.net",
            "ip_configuration": [
              {
                "gateway_load_balancer_frontend_ip_configuration_id": "",
                "name": "internal",
                "primary": true,
                "private_ip_address": "10.0.1.4",
                "private_ip_address_allocation": "Dynamic",
                "private_ip_address_version": "IPv4",
                "public_ip_address_id": "/subscriptions/e9a37cb1-eace-4a75-b50e-a42ba1ef3d3e/resourceGroups/rg-practice/providers/Microsoft.Network/publicIPAddresses/frontend",
                "subnet_id": "/subscriptions/e9a37cb1-eace-4a75-b50e-a42ba1ef3d3e/resourceGroups/rg-practice/providers/Microsoft.Network/virtualNetworks/vnet-practice/subnets/subnet_practice"
              }
            ],
            "ip_forwarding_enabled": false,
            "location": "eastus2",
            "mac_address": "",
            "name": "niccard",
            "private_ip_address": "10.0.1.4",
            "private_ip_addresses": [
              "10.0.1.4"
            ],
            "resource_group_name": "rg-practice",
            "tags": null,
            "timeouts": null,
            "virtual_machine_id": ""
          },
          "sensitive_attributes": [],
          "identity_schema_version": 0,
          "identity": {
            "name": "niccard",
            "resource_group_name": "rg-practice",
            "subscription_id": "e9a37cb1-eace-4a75-b50e-a42ba1ef3d3e"
          },
          "private": "eyJlMmJmYjczMC1lY2FhLTExZTYtOGY4OC0zNDM2M2JjN2M0YzAiOnsiY3JlYXRlIjoxODAwMDAwMDAwMDAwLCJkZWxldGUiOjE4MDAwMDAwMDAwMDAsInJlYWQiOjMwMDAwMDAwMDAwMCwidXBkYXRlIjoxODAwMDAwMDAwMDAwfX0=",
          "dependencies": [
            "module.nic.data.azurerm_public_ip.pubip",
            "module.nic.data.azurerm_subnet.subnetdata",
            "module.pubip.azurerm_public_ip.pip",
            "module.resource_group.azurerm_resource_group.rg-group",
            "module.subnet.azurerm_subnet.subnet",
            "module.virtual_network.azurerm_virtual_network.example"
          ]
        }
      ]
    },
    {
      "module": "module.pubip",
      "mode": "managed",
      "type": "azurerm_public_ip",
      "name": "pip",
      "provider": "provider[\"registry.terraform.io/hashicorp/azurerm\"]",
      "instances": [
        {
          "index_key": "public_ip1",
          "schema_version": 0,
          "attributes": {
            "allocation_method": "Static",
            "ddos_protection_mode": "VirtualNetworkInherited",
            "ddos_protection_plan_id": null,
            "domain_name_label": "",
            "domain_name_label_scope": "",
            "edge_zone": "",
            "fqdn": "",
            "id": "/subscriptions/e9a37cb1-eace-4a75-b50e-a42ba1ef3d3e/resourceGroups/rg-practice/providers/Microsoft.Network/publicIPAddresses/frontend",
            "idle_timeout_in_minutes": 4,
            "ip_address": "172.176.152.184",
            "ip_tags": null,
            "ip_version": "IPv4",
            "location": "eastus2",
            "name": "frontend",
            "public_ip_prefix_id": null,
            "resource_group_name": "rg-practice",
            "reverse_fqdn": "",
            "sku": "Standard",
            "sku_tier": "Regional",
            "tags": null,
            "timeouts": null,
            "zones": null
          },
          "sensitive_attributes": [],
          "identity_schema_version": 0,
          "identity": {
            "name": "frontend",
            "resource_group_name": "rg-practice",
            "subscription_id": "e9a37cb1-eace-4a75-b50e-a42ba1ef3d3e"
          },
          "private": "eyJlMmJmYjczMC1lY2FhLTExZTYtOGY4OC0zNDM2M2JjN2M0YzAiOnsiY3JlYXRlIjoxODAwMDAwMDAwMDAwLCJkZWxldGUiOjE4MDAwMDAwMDAwMDAsInJlYWQiOjMwMDAwMDAwMDAwMCwidXBkYXRlIjoxODAwMDAwMDAwMDAwfX0=",
          "dependencies": [
            "module.resource_group.azurerm_resource_group.rg-group"
          ]
        }
      ]
    },
    {
      "module": "module.resource_group",
      "mode": "managed",
      "type": "azurerm_resource_group",
      "name": "rg-group",
      "provider": "provider[\"registry.terraform.io/hashicorp/azurerm\"]",
      "instances": [
        {
          "index_key": "rg1",
          "schema_version": 0,
          "attributes": {
            "id": "/subscriptions/e9a37cb1-eace-4a75-b50e-a42ba1ef3d3e/resourceGroups/rg-practice",
            "location": "eastus2",
            "managed_by": "",
            "name": "rg-practice",
            "tags": null,
            "timeouts": null
          },
          "sensitive_attributes": [],
          "identity_schema_version": 0,
          "identity": {
            "name": "rg-practice",
            "subscription_id": "e9a37cb1-eace-4a75-b50e-a42ba1ef3d3e"
          },
          "private": "eyJlMmJmYjczMC1lY2FhLTExZTYtOGY4OC0zNDM2M2JjN2M0YzAiOnsiY3JlYXRlIjo1NDAwMDAwMDAwMDAwLCJkZWxldGUiOjU0MDAwMDAwMDAwMDAsInJlYWQiOjMwMDAwMDAwMDAwMCwidXBkYXRlIjo1NDAwMDAwMDAwMDAwfX0="
        }
      ]
    },
    {
      "module": "module.subnet",
      "mode": "managed",
      "type": "azurerm_subnet",
      "name": "subnet",
      "provider": "provider[\"registry.terraform.io/hashicorp/azurerm\"]",
      "instances": [
        {
          "index_key": "subnet1",
          "schema_version": 0,
          "attributes": {
            "address_prefixes": [
              "10.0.1.0/24"
            ],
            "default_outbound_access_enabled": true,
            "delegation": [],
            "id": "/subscriptions/e9a37cb1-eace-4a75-b50e-a42ba1ef3d3e/resourceGroups/rg-practice/providers/Microsoft.Network/virtualNetworks/vnet-practice/subnets/subnet_practice",
            "ip_address_pool": [],
            "name": "subnet_practice",
            "private_endpoint_network_policies": "Disabled",
            "private_link_service_network_policies_enabled": true,
            "resource_group_name": "rg-practice",
            "service_endpoint_policy_ids": null,
            "service_endpoints": null,
            "sharing_scope": "",
            "timeouts": null,
            "virtual_network_name": "vnet-practice"
          },
          "sensitive_attributes": [],
          "identity_schema_version": 0,
          "identity": {
            "name": "subnet_practice",
            "resource_group_name": "rg-practice",
            "subscription_id": "e9a37cb1-eace-4a75-b50e-a42ba1ef3d3e",
            "virtual_network_name": "vnet-practice"
          },
          "private": "eyJlMmJmYjczMC1lY2FhLTExZTYtOGY4OC0zNDM2M2JjN2M0YzAiOnsiY3JlYXRlIjoxODAwMDAwMDAwMDAwLCJkZWxldGUiOjE4MDAwMDAwMDAwMDAsInJlYWQiOjMwMDAwMDAwMDAwMCwidXBkYXRlIjoxODAwMDAwMDAwMDAwfX0=",
          "dependencies": [
            "module.resource_group.azurerm_resource_group.rg-group",
            "module.virtual_network.azurerm_virtual_network.example"
          ]
        }
      ]
    },
    {
      "module": "module.virtual_network",
      "mode": "managed",
      "type": "azurerm_virtual_network",
      "name": "example",
      "provider": "provider[\"registry.terraform.io/hashicorp/azurerm\"]",
      "instances": [
        {
          "index_key": "vnet1",
          "schema_version": 0,
          "attributes": {
            "address_space": [
              "10.0.0.0/16"
            ],
            "bgp_community": "",
            "ddos_protection_plan": [],
            "dns_servers": [],
            "edge_zone": "",
            "encryption": [],
            "flow_timeout_in_minutes": 0,
            "guid": "88eb1b45-dc01-47a1-856d-ebcf261416cf",
            "id": "/subscriptions/e9a37cb1-eace-4a75-b50e-a42ba1ef3d3e/resourceGroups/rg-practice/providers/Microsoft.Network/virtualNetworks/vnet-practice",
            "ip_address_pool": [],
            "location": "eastus2",
            "name": "vnet-practice",
            "private_endpoint_vnet_policies": "Disabled",
            "resource_group_name": "rg-practice",
            "subnet": [],
            "tags": null,
            "timeouts": null
          },
          "sensitive_attributes": [],
          "identity_schema_version": 0,
          "identity": {
            "name": "vnet-practice",
            "resource_group_name": "rg-practice",
            "subscription_id": "e9a37cb1-eace-4a75-b50e-a42ba1ef3d3e"
          },
          "private": "eyJlMmJmYjczMC1lY2FhLTExZTYtOGY4OC0zNDM2M2JjN2M0YzAiOnsiY3JlYXRlIjoxODAwMDAwMDAwMDAwLCJkZWxldGUiOjE4MDAwMDAwMDAwMDAsInJlYWQiOjMwMDAwMDAwMDAwMCwidXBkYXRlIjoxODAwMDAwMDAwMDAwfX0=",
          "dependencies": [
            "module.resource_group.azurerm_resource_group.rg-group"
          ]
        }
      ]
    },
    {
      "module": "module.vm",
      "mode": "data",
      "type": "azurerm_network_interface",
      "name": "nic_data",
      "provider": "provider[\"registry.terraform.io/hashicorp/azurerm\"]",
      "instances": [
        {
          "index_key": "vm1",
          "schema_version": 0,
          "attributes": {
            "accelerated_networking_enabled": false,
            "applied_dns_servers": [],
            "dns_servers": [],
            "id": "/subscriptions/e9a37cb1-eace-4a75-b50e-a42ba1ef3d3e/resourceGroups/rg-practice/providers/Microsoft.Network/networkInterfaces/niccard",
            "internal_dns_name_label": "",
            "ip_configuration": [
              {
                "application_gateway_backend_address_pools_ids": [],
                "application_security_group_ids": [],
                "gateway_load_balancer_frontend_ip_configuration_id": "",
                "load_balancer_backend_address_pools_ids": [],
                "load_balancer_inbound_nat_rules_ids": [],
                "name": "internal",
                "primary": true,
                "private_ip_address": "10.0.1.4",
                "private_ip_address_allocation": "Dynamic",
                "private_ip_address_version": "IPv4",
                "public_ip_address_id": "/subscriptions/e9a37cb1-eace-4a75-b50e-a42ba1ef3d3e/resourceGroups/rg-practice/providers/Microsoft.Network/publicIPAddresses/frontend",
                "subnet_id": "/subscriptions/e9a37cb1-eace-4a75-b50e-a42ba1ef3d3e/resourceGroups/rg-practice/providers/Microsoft.Network/virtualNetworks/vnet-practice/subnets/subnet_practice"
              }
            ],
            "ip_forwarding_enabled": false,
            "location": "eastus2",
            "mac_address": "",
            "name": "niccard",
            "network_security_group_id": "",
            "private_ip_address": "10.0.1.4",
            "private_ip_addresses": [
              "10.0.1.4"
            ],
            "resource_group_name": "rg-practice",
            "tags": {},
            "timeouts": null,
            "virtual_machine_id": ""
          },
          "sensitive_attributes": [],
          "identity_schema_version": 0
        }
      ]
    },
    {
      "module": "module.vm",
      "mode": "managed",
      "type": "azurerm_virtual_machine",
      "name": "vm-1",
      "provider": "provider[\"registry.terraform.io/hashicorp/azurerm\"]",
      "instances": [
        {
          "index_key": "vm1",
          "schema_version": 0,
          "attributes": {
            "additional_capabilities": [],
            "availability_set_id": null,
            "boot_diagnostics": [],
            "delete_data_disks_on_termination": false,
            "delete_os_disk_on_termination": false,
            "id": "/subscriptions/e9a37cb1-eace-4a75-b50e-a42ba1ef3d3e/resourceGroups/rg-practice/providers/Microsoft.Compute/virtualMachines/Linuxvm",
            "identity": [],
            "license_type": null,
            "location": "eastus2",
            "name": "Linuxvm",
            "network_interface_ids": [
              "/subscriptions/e9a37cb1-eace-4a75-b50e-a42ba1ef3d3e/resourceGroups/rg-practice/providers/Microsoft.Network/networkInterfaces/niccard"
            ],
            "os_profile": [
              {
                "admin_password": "",
                "admin_username": "testadmin",
                "computer_name": "hostname",
                "custom_data": ""
              }
            ],
            "os_profile_linux_config": [
              {
                "disable_password_authentication": false,
                "ssh_keys": []
              }
            ],
            "os_profile_secrets": [],
            "os_profile_windows_config": [],
            "plan": [],
            "primary_network_interface_id": null,
            "proximity_placement_group_id": null,
            "resource_group_name": "rg-practice",
            "storage_data_disk": [],
            "storage_image_reference": [
              {
                "id": "",
                "offer": "0001-com-ubuntu-server-jammy",
                "publisher": "Canonical",
                "sku": "22_04-lts-gen2",
                "version": "latest"
              }
            ],
            "storage_os_disk": [
              {
                "caching": "ReadWrite",
                "create_option": "FromImage",
                "disk_size_gb": 30,
                "image_uri": "",
                "managed_disk_id": "/subscriptions/e9a37cb1-eace-4a75-b50e-a42ba1ef3d3e/resourceGroups/rg-practice/providers/Microsoft.Compute/disks/myosdisk1",
                "managed_disk_type": "Standard_LRS",
                "name": "myosdisk1",
                "os_type": "Linux",
                "vhd_uri": "",
                "write_accelerator_enabled": false
              }
            ],
            "tags": null,
            "timeouts": null,
            "vm_size": "Standard_D2s_v3",
            "zones": null
          },
          "sensitive_attributes": [
            [
              {
                "type": "get_attr",
                "value": "os_profile"
              }
            ]
          ],
          "identity_schema_version": 0,
          "private": "eyJlMmJmYjczMC1lY2FhLTExZTYtOGY4OC0zNDM2M2JjN2M0YzAiOnsiY3JlYXRlIjozNjAwMDAwMDAwMDAwLCJkZWxldGUiOjM2MDAwMDAwMDAwMDAsInJlYWQiOjMwMDAwMDAwMDAwMCwidXBkYXRlIjozNjAwMDAwMDAwMDAwfX0=",
          "dependencies": [
            "module.nic.azurerm_network_interface.network_interface",
            "module.nic.data.azurerm_public_ip.pubip",
            "module.nic.data.azurerm_subnet.subnetdata",
            "module.pubip.azurerm_public_ip.pip",
            "module.resource_group.azurerm_resource_group.rg-group",
            "module.subnet.azurerm_subnet.subnet",
            "module.virtual_network.azurerm_virtual_network.example",
            "module.vm.data.azurerm_network_interface.nic_data"
          ]
        }
      ]
    }
  ],
  "check_results": null
}
